
Microsoft Visual Studio Solution File, Format Version 12.00
# Visual Studio 15
VisualStudioVersion = 15.0.28307.539
MinimumVisualStudioVersion = 10.0.40219.1
Project("{FAE04EC0-301F-11D3-BF4B-00C04F79EFBC}") = "test", "test\test.csproj", "{F85F4D06-C4FC-4FE4-9237-999D9ACD7E7D}"
EndProject
Global
	GlobalSection(SolutionConfigurationPlatforms) = preSolution
		Debug|Any CPU = Debug|Any CPU
		Release|Any CPU = Release|Any CPU
	EndGlobalSection
	GlobalSection(ProjectConfigurationPlatforms) = postSolution
		{F85F4D06-C4FC-4FE4-9237-999D9ACD7E7D}.Debug|Any CPU.ActiveCfg = Debug|Any CPU
		{F85F4D06-C4FC-4FE4-9237-999D9ACD7E7D}.Debug|Any CPU.Build.0 = Debug|Any CPU
		{F85F4D06-C4FC-4FE4-9237-999D9ACD7E7D}.Release|Any CPU.ActiveCfg = Release|Any CPU
		{F85F4D06-C4FC-4FE4-9237-999D9ACD7E7D}.Release|Any CPU.Build.0 = Release|Any CPU
	EndGlobalSection
	GlobalSection(SolutionProperties) = preSolution
		HideSolutionNode = FALSE
	EndGlobalSection
	GlobalSection(ExtensibilityGlobals) = postSolution
		SolutionGuid = {F40673D2-8702-4B28-BB07-2C2FAB7730CE}
	EndGlobalSection
EndGlobal
